{
  "nodes": {
    "base16": {
      "inputs": {
        "fromYaml": "fromYaml"
      },
      "locked": {
        "lastModified": 1755819240,
        "narHash": "sha256-qcMhnL7aGAuFuutH4rq9fvAhCpJWVHLcHVZLtPctPlo=",
        "owner": "SenchoPens",
        "repo": "base16.nix",
        "rev": "75ed5e5e3fce37df22e49125181fa37899c3ccd6",
        "type": "github"
      },
      "original": {
        "owner": "SenchoPens",
        "repo": "base16.nix",
        "type": "github"
      }
    },
    "base16-fish": {
      "flake": false,
      "locked": {
        "lastModified": 1765809053,
        "narHash": "sha256-XCUQLoLfBJ8saWms2HCIj4NEN+xNsWBlU1NrEPcQG4s=",
        "owner": "tomyun",
        "repo": "base16-fish",
        "rev": "86cbea4dca62e08fb7fd83a70e96472f92574782",
        "type": "github"
      },
      "original": {
        "owner": "tomyun",
        "repo": "base16-fish",
        "rev": "86cbea4dca62e08fb7fd83a70e96472f92574782",
        "type": "github"
      }
    },
    "base16-helix": {
      "flake": false,
      "locked": {
        "lastModified": 1776754714,
        "narHash": "sha256-E3OAK27smtATTmX45uoTSRsVD+Y+ZiVVfgM/tjpbtYg=",
        "owner": "tinted-theming",
        "repo": "base16-helix",
        "rev": "4d508123037e7851ad36ebf7d9c48b0e9e1eb581",
        "type": "github"
      },
      "original": {
        "owner": "tinted-theming",
        "repo": "base16-helix",
        "type": "github"
      }
    },
    "base16-vim": {
      "flake": false,
      "locked": {
        "lastModified": 1732806396,
        "narHash": "sha256-e0bpPySdJf0F68Ndanwm+KWHgQiZ0s7liLhvJSWDNsA=",
        "owner": "tinted-theming",
        "repo": "base16-vim",
        "rev": "577fe8125d74ff456cf942c733a85d769afe58b7",
        "type": "github"
      },
      "original": {
        "owner": "tinted-theming",
        "repo": "base16-vim",
        "rev": "577fe8125d74ff456cf942c733a85d769afe58b7",
        "type": "github"
      }
    },
    "bun2nix": {
      "inputs": {
        "flake-parts": [
          "llm-agents",
          "flake-parts"
        ],
        "nixpkgs": [
          "llm-agents",
          "nixpkgs"
        ],
        "systems": [
          "llm-agents",
          "systems"
        ],
        "treefmt-nix": [
          "llm-agents",
          "treefmt-nix"
        ]
      },
      "locked": {
        "lastModified": 1784665499,
        "narHash": "sha256-9BMxlTxCCDAeoNLtb1a/st7udtTIJep+wpUzquA29VU=",
        "owner": "nix-community",
        "repo": "bun2nix",
        "rev": "0f2a1f0b6f42cebe3b149bf62d38754c5e0e9729",
        "type": "github"
      },
      "original": {
        "owner": "nix-community",
        "repo": "bun2nix",
        "type": "github"
      }
    },
    "firefox-gnome-theme": {
      "flake": false,
      "locked": {
        "lastModified": 1783570805,
        "narHash": "sha256-ptl5aRlCv9/uRSv2u8Hq8UFVFeZ6Q/bT049bpqNgc3w=",
        "owner": "rafaelmardojai",
        "repo": "firefox-gnome-theme",
        "rev": "5602ed62d638142c1ab31dccd01dfbfb28841225",
        "type": "github"
      },
      "original": {
        "owner": "rafaelmardojai",
        "repo": "firefox-gnome-theme",
        "type": "github"
      }
    },
    "flake-compat": {
      "flake": false,
      "locked": {
        "lastModified": 1767039857,
        "narHash": "sha256-vNpUSpF5Nuw8xvDLj2KCwwksIbjua2LZCqhV1LNRDns=",
        "owner": "NixOS",
        "repo": "flake-compat",
        "rev": "5edf11c44bc78a0d334f6334cdaf7d60d732daab",
        "type": "github"
      },
      "original": {
        "owner": "NixOS",
        "repo": "flake-compat",
        "type": "github"
      }
    },
    "flake-parts": {
      "inputs": {
        "nixpkgs-lib": [
          "llm-agents",
          "nixpkgs"
        ]
      },
      "locked": {
        "lastModified": 1785627969,
        "narHash": "sha256-4dtXQk/NMePegK/nWp5NSeuZKLATItOq61lpEvmXqGw=",
        "owner": "hercules-ci",
        "repo": "flake-parts",
        "rev": "427bf4bd9435fdf21321c8cc628c24efc14c0f7a",
        "type": "github"
      },
      "original": {
        "owner": "hercules-ci",
        "repo": "flake-parts",
        "type": "github"
      }
    },
    "flake-parts_2": {
      "inputs": {
        "nixpkgs-lib": [
          "phillipgreenii-nix-base",
          "nixpkgs"
        ]
      },
      "locked": {
        "lastModified": 1785627969,
        "narHash": "sha256-4dtXQk/NMePegK/nWp5NSeuZKLATItOq61lpEvmXqGw=",
        "owner": "hercules-ci",
        "repo": "flake-parts",
        "rev": "427bf4bd9435fdf21321c8cc628c24efc14c0f7a",
        "type": "github"
      },
      "original": {
        "owner": "hercules-ci",
        "repo": "flake-parts",
        "type": "github"
      }
    },
    "flake-parts_3": {
      "inputs": {
        "nixpkgs-lib": [
          "stylix",
          "nixpkgs"
        ]
      },
      "locked": {
        "lastModified": 1782949081,
        "narHash": "sha256-vp6Y/Grm98ESt6ceOkWiHWyZRDV3J1RID4w+6NWK9yA=",
        "owner": "hercules-ci",
        "repo": "flake-parts",
        "rev": "17c9d6cdfc60c64f4ee8d306f9bc0b4ccb51481e",
        "type": "github"
      },
      "original": {
        "owner": "hercules-ci",
        "repo": "flake-parts",
        "type": "github"
      }
    },
    "flake-utils": {
      "inputs": {
        "systems": "systems"
      },
      "locked": {
        "lastModified": 1731533236,
        "narHash": "sha256-l0KFg5HjrsfsO/JpG+r7fRrqm12kzFHyUHqHCVpMMbI=",
        "owner": "numtide",
        "repo": "flake-utils",
        "rev": "11707dc2f618dd54ca8739b309ec4fc024de578b",
        "type": "github"
      },
      "original": {
        "owner": "numtide",
        "repo": "flake-utils",
        "type": "github"
      }
    },
    "flake-utils_2": {
      "inputs": {
        "systems": "systems_2"
      },
      "locked": {
        "lastModified": 1731533236,
        "narHash": "sha256-l0KFg5HjrsfsO/JpG+r7fRrqm12kzFHyUHqHCVpMMbI=",
        "owner": "numtide",
        "repo": "flake-utils",
        "rev": "11707dc2f618dd54ca8739b309ec4fc024de578b",
        "type": "github"
      },
      "original": {
        "owner": "numtide",
        "repo": "flake-utils",
        "type": "github"
      }
    },
    "flake-utils_3": {
      "inputs": {
        "systems": "systems_4"
      },
      "locked": {
        "lastModified": 1731533236,
        "narHash": "sha256-l0KFg5HjrsfsO/JpG+r7fRrqm12kzFHyUHqHCVpMMbI=",
        "owner": "numtide",
        "repo": "flake-utils",
        "rev": "11707dc2f618dd54ca8739b309ec4fc024de578b",
        "type": "github"
      },
      "original": {
        "owner": "numtide",
        "repo": "flake-utils",
        "type": "github"
      }
    },
    "fromYaml": {
      "flake": false,
      "locked": {
        "lastModified": 1731966426,
        "narHash": "sha256-lq95WydhbUTWig/JpqiB7oViTcHFP8Lv41IGtayokA8=",
        "owner": "SenchoPens",
        "repo": "fromYaml",
        "rev": "106af9e2f715e2d828df706c386a685698f3223b",
        "type": "github"
      },
      "original": {
        "owner": "SenchoPens",
        "repo": "fromYaml",
        "type": "github"
      }
    },
    "git-hooks": {
      "inputs": {
        "flake-compat": "flake-compat",
        "nixpkgs": [
          "nixpkgs"
        ]
      },
      "locked": {
        "lastModified": 1784288435,
        "narHash": "sha256-ReRHaLgr/uVqdD8afFSn+myXIfpHeOhP0yYe0TJqAA8=",
        "owner": "cachix",
        "repo": "git-hooks.nix",
        "rev": "43b3c1ab9d40fb1dbb008f451988a91e375825e9",
        "type": "github"
      },
      "original": {
        "owner": "cachix",
        "repo": "git-hooks.nix",
        "type": "github"
      }
    },
    "gnome-shell": {
      "flake": false,
      "locked": {
        "lastModified": 1767737596,
        "narHash": "sha256-eFujfIUQDgWnSJBablOuG+32hCai192yRdrNHTv0a+s=",
        "owner": "GNOME",
        "repo": "gnome-shell",
        "rev": "ef02db02bf0ff342734d525b5767814770d85b49",
        "type": "github"
      },
      "original": {
        "owner": "GNOME",
        "repo": "gnome-shell",
        "rev": "ef02db02bf0ff342734d525b5767814770d85b49",
        "type": "github"
      }
    },
    "gomod2nix": {
      "inputs": {
        "flake-utils": "flake-utils_2",
        "nixpkgs": [
          "nixpkgs"
        ]
      },
      "locked": {
        "lastModified": 1770585520,
        "narHash": "sha256-yBz9Ozd5Wb56i3e3cHZ8WcbzCQ9RlVaiW18qDYA/AzA=",
        "owner": "nix-community",
        "repo": "gomod2nix",
        "rev": "1201ddd1279c35497754f016ef33d5e060f3da8d",
        "type": "github"
      },
      "original": {
        "owner": "nix-community",
        "repo": "gomod2nix",
        "type": "github"
      }
    },
    "gomod2nix_2": {
      "inputs": {
        "flake-utils": "flake-utils_3",
        "nixpkgs": [
          "phillipgreenii-nix-base",
          "nixpkgs"
        ]
      },
      "locked": {
        "lastModified": 1770585520,
        "narHash": "sha256-yBz9Ozd5Wb56i3e3cHZ8WcbzCQ9RlVaiW18qDYA/AzA=",
        "owner": "nix-community",
        "repo": "gomod2nix",
        "rev": "1201ddd1279c35497754f016ef33d5e060f3da8d",
        "type": "github"
      },
      "original": {
        "owner": "nix-community",
        "repo": "gomod2nix",
        "type": "github"
      }
    },
    "home-manager": {
      "inputs": {
        "nixpkgs": [
          "nixpkgs"
        ]
      },
      "locked": {
        "lastModified": 1785119570,
        "narHash": "sha256-Rgs2xKnGLFWQscxUaXX07oyZeuMDOHEbqDOsgliLFGM=",
        "owner": "nix-community",
        "repo": "home-manager",
        "rev": "d4fd24667c8cbef124bb70a20380cab75ec8474d",
        "type": "github"
      },
      "original": {
        "owner": "nix-community",
        "ref": "release-26.05",
        "repo": "home-manager",
        "type": "github"
      }
    },
    "llm-agents": {
      "inputs": {
        "bun2nix": "bun2nix",
        "flake-parts": "flake-parts",
        "nixpkgs": "nixpkgs",
        "systems": "systems_3",
        "treefmt-nix": "treefmt-nix"
      },
      "locked": {
        "lastModified": 1786719030,
        "narHash": "sha256-D4LJB25x/yzukgQ+8V13l0PY/yhWNA50cY0aEScVvqU=",
        "owner": "numtide",
        "repo": "llm-agents.nix",
        "rev": "9b760dd766fc31e5ab8c5d6cc6c2c0a7fdd4fa0a",
        "type": "github"
      },
      "original": {
        "owner": "numtide",
        "repo": "llm-agents.nix",
        "type": "github"
      }
    },
    "nix-darwin": {
      "inputs": {
        "nixpkgs": [
          "nixpkgs"
        ]
      },
      "locked": {
        "lastModified": 1783744694,
        "narHash": "sha256-2cp6N3rrwnGYLTx9l6N+NI+kwrCWxvJUbj5WJhvB29A=",
        "owner": "LnL7",
        "repo": "nix-darwin",
        "rev": "c3e90c89649b07d1a96e4b9dd6cd0d6e44b91a74",
        "type": "github"
      },
      "original": {
        "owner": "LnL7",
        "ref": "nix-darwin-26.05",
        "repo": "nix-darwin",
        "type": "github"
      }
    },
    "nixpkgs": {
      "locked": {
        "lastModified": 1786534138,
        "narHash": "sha256-fBJMdnKUTUDtfi/BYLr71HLaC9dG382arxLF2Egg2uo=",
        "owner": "NixOS",
        "repo": "nixpkgs",
        "rev": "044bfe75bfe4c7bbe043dc17b5e42ea823b84a09",
        "type": "github"
      },
      "original": {
        "owner": "NixOS",
        "ref": "nixpkgs-unstable",
        "repo": "nixpkgs",
        "type": "github"
      }
    },
    "nixpkgs-unstable": {
      "locked": {
        "lastModified": 1786593342,
        "narHash": "sha256-smTKQXMLLStzc8zJevMCckbk3My7SvbbLmPYZUJJKW4=",
        "owner": "NixOS",
        "repo": "nixpkgs",
        "rev": "6b5e5b7a6631f065bf6908986990b37d845f847f",
        "type": "github"
      },
      "original": {
        "owner": "NixOS",
        "ref": "nixpkgs-unstable",
        "repo": "nixpkgs",
        "type": "github"
      }
    },
    "nixpkgs_2": {
      "locked": {
        "lastModified": 1786527240,
        "narHash": "sha256-OLtJPnSXcRy79Rf7BhYaMeXAVF625FpLcd3+Svq641Y=",
        "owner": "NixOS",
        "repo": "nixpkgs",
        "rev": "e0c84f9d0ad137f076dc957494f5b39885597d4f",
        "type": "github"
      },
      "original": {
        "owner": "NixOS",
        "ref": "nixpkgs-26.05-darwin",
        "repo": "nixpkgs",
        "type": "github"
      }
    },
    "nur": {
      "inputs": {
        "flake-parts": [
          "phillipgreenii-nix-overlay",
          "flake-parts"
        ],
        "nixpkgs": [
          "phillipgreenii-nix-overlay",
          "nixpkgs"
        ]
      },
      "locked": {
        "lastModified": 1786721701,
        "narHash": "sha256-N6KLa6ZFPR+3VOTVy6bfleHlyh9DvoZig9s7ze+SVSM=",
        "owner": "nix-community",
        "repo": "nur",
        "rev": "b550b6031b0e9683a0c6e6e69b6166d028873044",
        "type": "github"
      },
      "original": {
        "owner": "nix-community",
        "repo": "nur",
        "type": "github"
      }
    },
    "nur_2": {
      "inputs": {
        "flake-parts": [
          "stylix",
          "flake-parts"
        ],
        "nixpkgs": [
          "stylix",
          "nixpkgs"
        ]
      },
      "locked": {
        "lastModified": 1785549842,
        "narHash": "sha256-DCwBZmGsySF7oKGTRgEv2HvpxVXkHT+38VhTM76k0B4=",
        "owner": "nix-community",
        "repo": "NUR",
        "rev": "a9f987b57594e845e3e5cdd423b9a70846d70308",
        "type": "github"
      },
      "original": {
        "owner": "nix-community",
        "repo": "NUR",
        "type": "github"
      }
    },
    "phillipgreenii-nix-base": {
      "inputs": {
        "flake-parts": "flake-parts_2",
        "git-hooks": [
          "git-hooks"
        ],
        "gomod2nix": "gomod2nix_2",
        "nixpkgs": [
          "nixpkgs"
        ],
        "pyproject-build-systems": "pyproject-build-systems",
        "pyproject-nix": "pyproject-nix",
        "treefmt-nix": [
          "treefmt-nix"
        ],
        "uv2nix": "uv2nix"
      },
      "locked": {
        "lastModified": 1786739394,
        "narHash": "sha256-owlbyux2wz6PrYC6RGGTsFP34lQbFbapKzkqh5ODupk=",
        "owner": "phillipgreenii",
        "repo": "nix-repo-base",
        "rev": "a3b5028fdcbfa18686fa67a8c983e9019d9f1176",
        "type": "github"
      },
      "original": {
        "owner": "phillipgreenii",
        "repo": "nix-repo-base",
        "type": "github"
      }
    },
    "phillipgreenii-nix-overlay": {
      "inputs": {
        "flake-parts": [
          "phillipgreenii-nix-base",
          "flake-parts"
        ],
        "nixpkgs": [
          "nixpkgs"
        ],
        "nur": "nur",
        "phillipgreenii-nix-base": [
          "phillipgreenii-nix-base"
        ]
      },
      "locked": {
        "lastModified": 1786740430,
        "narHash": "sha256-X7cvqpid9WTT84lTD4KQL0MyD/m4L9lzIZXruVMqWoU=",
        "owner": "phillipgreenii",
        "repo": "nix-overlay",
        "rev": "8456bda3645ce1d91ff5799eed9ad01360f49c16",
        "type": "github"
      },
      "original": {
        "owner": "phillipgreenii",
        "repo": "nix-overlay",
        "type": "github"
      }
    },
    "pyproject-build-systems": {
      "inputs": {
        "nixpkgs": [
          "phillipgreenii-nix-base",
          "nixpkgs"
        ],
        "pyproject-nix": [
          "phillipgreenii-nix-base",
          "pyproject-nix"
        ],
        "uv2nix": [
          "phillipgreenii-nix-base",
          "uv2nix"
        ]
      },
      "locked": {
        "lastModified": 1785730568,
        "narHash": "sha256-NjSPsgjJ7MSpBtTkUcmNhRe6AFZ96+zsca2M8YuQi8Y=",
        "owner": "pyproject-nix",
        "repo": "build-system-pkgs",
        "rev": "90fde00db3687922d39d95fc591475fd0bbbcd72",
        "type": "github"
      },
      "original": {
        "owner": "pyproject-nix",
        "repo": "build-system-pkgs",
        "type": "github"
      }
    },
    "pyproject-build-systems_2": {
      "inputs": {
        "nixpkgs": [
          "serena",
          "nixpkgs"
        ],
        "pyproject-nix": [
          "serena",
          "pyproject-nix"
        ],
        "uv2nix": [
          "serena",
          "uv2nix"
        ]
      },
      "locked": {
        "lastModified": 1755484659,
        "narHash": "sha256-2FfbqsaHVQd12XFFUAinIMAuGO3853LONmva1gT3vKw=",
        "owner": "pyproject-nix",
        "repo": "build-system-pkgs",
        "rev": "9778e87c2361810ff15e287ca5895c9da4a0e900",
        "type": "github"
      },
      "original": {
        "owner": "pyproject-nix",
        "repo": "build-system-pkgs",
        "type": "github"
      }
    },
    "pyproject-nix": {
      "inputs": {
        "nixpkgs": [
          "phillipgreenii-nix-base",
          "nixpkgs"
        ]
      },
      "locked": {
        "lastModified": 1786031528,
        "narHash": "sha256-cROiHKO3UbIKqF5FG5NikvydzlfIj4EcR1Cty9qOVt4=",
        "owner": "pyproject-nix",
        "repo": "pyproject.nix",
        "rev": "1b1485546d85f6f6c7aadb10c4923dbc09633263",
        "type": "github"
      },
      "original": {
        "owner": "pyproject-nix",
        "repo": "pyproject.nix",
        "type": "github"
      }
    },
    "pyproject-nix_2": {
      "inputs": {
        "nixpkgs": [
          "serena",
          "nixpkgs"
        ]
      },
      "locked": {
        "lastModified": 1755886095,
        "narHash": "sha256-oMQ1YERKqiac28LB1cKjl4d0gjvK98SbGejFMfK0WGE=",
        "owner": "pyproject-nix",
        "repo": "pyproject.nix",
        "rev": "7ea903d50c20d4d3ea45ccaad7ee0d21996780c9",
        "type": "github"
      },
      "original": {
        "owner": "pyproject-nix",
        "repo": "pyproject.nix",
        "type": "github"
      }
    },
    "root": {
      "inputs": {
        "flake-parts": [
          "phillipgreenii-nix-base",
          "flake-parts"
        ],
        "flake-utils": "flake-utils",
        "git-hooks": "git-hooks",
        "gomod2nix": "gomod2nix",
        "home-manager": "home-manager",
        "llm-agents": "llm-agents",
        "nix-darwin": "nix-darwin",
        "nixpkgs": "nixpkgs_2",
        "nixpkgs-unstable": "nixpkgs-unstable",
        "phillipgreenii-nix-base": "phillipgreenii-nix-base",
        "phillipgreenii-nix-overlay": "phillipgreenii-nix-overlay",
        "serena": "serena",
        "stylix": "stylix",
        "treefmt-nix": "treefmt-nix_2"
      }
    },
    "serena": {
      "inputs": {
        "flake-utils": [
          "flake-utils"
        ],
        "nixpkgs": [
          "nixpkgs"
        ],
        "pyproject-build-systems": "pyproject-build-systems_2",
        "pyproject-nix": "pyproject-nix_2",
        "uv2nix": "uv2nix_2"
      },
      "locked": {
        "lastModified": 1786715824,
        "narHash": "sha256-jEj+v529b1zfMBGt4s+hyFO94C2XAJu9bjZrbP7cx+s=",
        "owner": "oraios",
        "repo": "serena",
        "rev": "3ad624f511511bb7a77447e413425198fc574349",
        "type": "github"
      },
      "original": {
        "owner": "oraios",
        "repo": "serena",
        "type": "github"
      }
    },
    "stylix": {
      "inputs": {
        "base16": "base16",
        "base16-fish": "base16-fish",
        "base16-helix": "base16-helix",
        "base16-vim": "base16-vim",
        "firefox-gnome-theme": "firefox-gnome-theme",
        "flake-parts": "flake-parts_3",
        "gnome-shell": "gnome-shell",
        "nixpkgs": [
          "nixpkgs"
        ],
        "nur": "nur_2",
        "systems": "systems_5",
        "tinted-kitty": "tinted-kitty",
        "tinted-schemes": "tinted-schemes",
        "tinted-tmux": "tinted-tmux",
        "tinted-zed": "tinted-zed"
      },
      "locked": {
        "lastModified": 1786383226,
        "narHash": "sha256-SM00z+A0/ruFPGCRdoxDnApVGa3A1iLlhRmMvnGH7tU=",
        "owner": "danth",
        "repo": "stylix",
        "rev": "a01dcef2f28b4106d6b3817ab89280194bf716d3",
        "type": "github"
      },
      "original": {
        "owner": "danth",
        "ref": "release-26.05",
        "repo": "stylix",
        "type": "github"
      }
    },
    "systems": {
      "locked": {
        "lastModified": 1681028828,
        "narHash": "sha256-Vy1rq5AaRuLzOxct8nz4T6wlgyUR7zLU309k9mBC768=",
        "owner": "nix-systems",
        "repo": "default",
        "rev": "da67096a3b9bf56a91d16901293e51ba5b49a27e",
        "type": "github"
      },
      "original": {
        "owner": "nix-systems",
        "repo": "default",
        "type": "github"
      }
    },
    "systems_2": {
      "locked": {
        "lastModified": 1681028828,
        "narHash": "sha256-Vy1rq5AaRuLzOxct8nz4T6wlgyUR7zLU309k9mBC768=",
        "owner": "nix-systems",
        "repo": "default",
        "rev": "da67096a3b9bf56a91d16901293e51ba5b49a27e",
        "type": "github"
      },
      "original": {
        "owner": "nix-systems",
        "repo": "default",
        "type": "github"
      }
    },
    "systems_3": {
      "locked": {
        "lastModified": 1681028828,
        "narHash": "sha256-Vy1rq5AaRuLzOxct8nz4T6wlgyUR7zLU309k9mBC768=",
        "owner": "nix-systems",
        "repo": "default",
        "rev": "da67096a3b9bf56a91d16901293e51ba5b49a27e",
        "type": "github"
      },
      "original": {
        "owner": "nix-systems",
        "repo": "default",
        "type": "github"
      }
    },
    "systems_4": {
      "locked": {
        "lastModified": 1681028828,
        "narHash": "sha256-Vy1rq5AaRuLzOxct8nz4T6wlgyUR7zLU309k9mBC768=",
        "owner": "nix-systems",
        "repo": "default",
        "rev": "da67096a3b9bf56a91d16901293e51ba5b49a27e",
        "type": "github"
      },
      "original": {
        "owner": "nix-systems",
        "repo": "default",
        "type": "github"
      }
    },
    "systems_5": {
      "locked": {
        "lastModified": 1681028828,
        "narHash": "sha256-Vy1rq5AaRuLzOxct8nz4T6wlgyUR7zLU309k9mBC768=",
        "owner": "nix-systems",
        "repo": "default",
        "rev": "da67096a3b9bf56a91d16901293e51ba5b49a27e",
        "type": "github"
      },
      "original": {
        "owner": "nix-systems",
        "repo": "default",
        "type": "github"
      }
    },
    "tinted-kitty": {
      "flake": false,
      "locked": {
        "lastModified": 1735730497,
        "narHash": "sha256-4KtB+FiUzIeK/4aHCKce3V9HwRvYaxX+F1edUrfgzb8=",
        "owner": "tinted-theming",
        "repo": "tinted-kitty",
        "rev": "de6f888497f2c6b2279361bfc790f164bfd0f3fa",
        "type": "github"
      },
      "original": {
        "owner": "tinted-theming",
        "repo": "tinted-kitty",
        "type": "github"
      }
    },
    "tinted-schemes": {
      "flake": false,
      "locked": {
        "lastModified": 1785153830,
        "narHash": "sha256-fNdfCTeCXU3tZG3TMincd+u68qBHQgCr2Ljr/M1mWP0=",
        "owner": "tinted-theming",
        "repo": "schemes",
        "rev": "9bd28ed313560db3c5b605c63bc4e309e78e3fc8",
        "type": "github"
      },
      "original": {
        "owner": "tinted-theming",
        "repo": "schemes",
        "type": "github"
      }
    },
    "tinted-tmux": {
      "flake": false,
      "locked": {
        "lastModified": 1785031658,
        "narHash": "sha256-mZp9O2LjzdMzlqQF3l3fjqsuPBzXy+1qTfBEUGjTlpk=",
        "owner": "tinted-theming",
        "repo": "tinted-tmux",
        "rev": "5d2c67f61ea7af36f16865ab6d541cdba41dc257",
        "type": "github"
      },
      "original": {
        "owner": "tinted-theming",
        "repo": "tinted-tmux",
        "type": "github"
      }
    },
    "tinted-zed": {
      "flake": false,
      "locked": {
        "lastModified": 1785030526,
        "narHash": "sha256-klZf8UviewRkxuu74Bhbq6tqy7oxebQC7UVRWbbtQxU=",
        "owner": "tinted-theming",
        "repo": "base16-zed",
        "rev": "16f5a8adf4a6b1310d0a61ab172de963e8f76a02",
        "type": "github"
      },
      "original": {
        "owner": "tinted-theming",
        "repo": "base16-zed",
        "type": "github"
      }
    },
    "treefmt-nix": {
      "inputs": {
        "nixpkgs": [
          "llm-agents",
          "nixpkgs"
        ]
      },
      "locked": {
        "lastModified": 1785945821,
        "narHash": "sha256-NLSyTCW4K4ofhNBllt3omPasm6QpralXH1DBZOc91Dw=",
        "owner": "numtide",
        "repo": "treefmt-nix",
        "rev": "ae7910970dddc408fe6ab1c8e4b277bb21d72dc0",
        "type": "github"
      },
      "original": {
        "owner": "numtide",
        "repo": "treefmt-nix",
        "type": "github"
      }
    },
    "treefmt-nix_2": {
      "inputs": {
        "nixpkgs": [
          "nixpkgs"
        ]
      },
      "locked": {
        "lastModified": 1785945821,
        "narHash": "sha256-NLSyTCW4K4ofhNBllt3omPasm6QpralXH1DBZOc91Dw=",
        "owner": "numtide",
        "repo": "treefmt-nix",
        "rev": "ae7910970dddc408fe6ab1c8e4b277bb21d72dc0",
        "type": "github"
      },
      "original": {
        "owner": "numtide",
        "repo": "treefmt-nix",
        "type": "github"
      }
    },
    "uv2nix": {
      "inputs": {
        "nixpkgs": [
          "phillipgreenii-nix-base",
          "nixpkgs"
        ],
        "pyproject-nix": [
          "phillipgreenii-nix-base",
          "pyproject-nix"
        ]
      },
      "locked": {
        "lastModified": 1786615403,
        "narHash": "sha256-U++y7nM/6xiEcWI7q4fQoPZjPvRaTwkSqzBOVoEBjUE=",
        "owner": "pyproject-nix",
        "repo": "uv2nix",
        "rev": "4b59abb2ae1896d2a0e1abfc47fbc9bf985ea730",
        "type": "github"
      },
      "original": {
        "owner": "pyproject-nix",
        "repo": "uv2nix",
        "type": "github"
      }
    },
    "uv2nix_2": {
      "inputs": {
        "nixpkgs": [
          "serena",
          "nixpkgs"
        ],
        "pyproject-nix": [
          "serena",
          "pyproject-nix"
        ]
      },
      "locked": {
        "lastModified": 1755887980,
        "narHash": "sha256-MD1IhwuoDXQSYcQ/JfEpMxrk6pPl+aHPXSqZLOXLHks=",
        "owner": "pyproject-nix",
        "repo": "uv2nix",
        "rev": "76778b5f457e416688324d19d8f02ec5e22cbe0c",
        "type": "github"
      },
      "original": {
        "owner": "pyproject-nix",
        "repo": "uv2nix",
        "type": "github"
      }
    }
  },
  "root": "root",
  "version": 7
}
